
Microsoft Visual Studio Solution File, Format Version 12.00
# Visual Studio Version 16
VisualStudioVersion = 16.0.30804.86
MinimumVisualStudioVersion = 10.0.40219.1
Project("{FAE04EC0-301F-11D3-BF4B-00C04F79EFBC}") = "AzureFunctionAppSettings", "AzureFunctionAppSettings\AzureFunctionAppSettings.csproj", "{87927447-2B4F-40CE-8812-7CA5DAA2C853}"
EndProject
Project("{FAE04EC0-301F-11D3-BF4B-00C04F79EFBC}") = "Startup", "Startup\Startup.csproj", "{2A0E959C-8488-4B10-A3D5-A85A57EDCA1A}"
EndProject
Global
	GlobalSection(SolutionConfigurationPlatforms) = preSolution
		Debug|Any CPU = Debug|Any CPU
		Release|Any CPU = Release|Any CPU
	EndGlobalSection
	GlobalSection(ProjectConfigurationPlatforms) = postSolution
		{87927447-2B4F-40CE-8812-7CA5DAA2C853}.Debug|Any CPU.ActiveCfg = Debug|Any CPU
		{87927447-2B4F-40CE-8812-7CA5DAA2C853}.Debug|Any CPU.Build.0 = Debug|Any CPU
		{87927447-2B4F-40CE-8812-7CA5DAA2C853}.Release|Any CPU.ActiveCfg = Release|Any CPU
		{87927447-2B4F-40CE-8812-7CA5DAA2C853}.Release|Any CPU.Build.0 = Release|Any CPU
		{2A0E959C-8488-4B10-A3D5-A85A57EDCA1A}.Debug|Any CPU.ActiveCfg = Debug|Any CPU
		{2A0E959C-8488-4B10-A3D5-A85A57EDCA1A}.Debug|Any CPU.Build.0 = Debug|Any CPU
		{2A0E959C-8488-4B10-A3D5-A85A57EDCA1A}.Release|Any CPU.ActiveCfg = Release|Any CPU
		{2A0E959C-8488-4B10-A3D5-A85A57EDCA1A}.Release|Any CPU.Build.0 = Release|Any CPU
	EndGlobalSection
	GlobalSection(SolutionProperties) = preSolution
		HideSolutionNode = FALSE
	EndGlobalSection
	GlobalSection(ExtensibilityGlobals) = postSolution
		SolutionGuid = {CFE7D18C-B21D-431A-97F0-E6D9F7F3D630}
	EndGlobalSection
EndGlobal
